
Microsoft Visual Studio Solution File, Format Version 12.00
# Visual Studio 15
VisualStudioVersion = 15.0.28307.106
MinimumVisualStudioVersion = 10.0.40219.1
Project("{FAE04EC0-301F-11D3-BF4B-00C04F79EFBC}") = "TestSatClient", "TestSatClient\TestSatClient.csproj", "{1557BF5E-F24A-4660-9D47-23EF741623E6}"
EndProject
Project("{FAE04EC0-301F-11D3-BF4B-00C04F79EFBC}") = "CfdiSAT", "CfdiSAT\CfdiSAT.csproj", "{767C91E8-0363-4629-8C65-E24A2B4E6AF4}"
EndProject
Global
	GlobalSection(SolutionConfigurationPlatforms) = preSolution
		Debug|Any CPU = Debug|Any CPU
		Release|Any CPU = Release|Any CPU
	EndGlobalSection
	GlobalSection(ProjectConfigurationPlatforms) = postSolution
		{1557BF5E-F24A-4660-9D47-23EF741623E6}.Debug|Any CPU.ActiveCfg = Debug|Any CPU
		{1557BF5E-F24A-4660-9D47-23EF741623E6}.Debug|Any CPU.Build.0 = Debug|Any CPU
		{1557BF5E-F24A-4660-9D47-23EF741623E6}.Release|Any CPU.ActiveCfg = Release|Any CPU
		{1557BF5E-F24A-4660-9D47-23EF741623E6}.Release|Any CPU.Build.0 = Release|Any CPU
		{767C91E8-0363-4629-8C65-E24A2B4E6AF4}.Debug|Any CPU.ActiveCfg = Debug|Any CPU
		{767C91E8-0363-4629-8C65-E24A2B4E6AF4}.Debug|Any CPU.Build.0 = Debug|Any CPU
		{767C91E8-0363-4629-8C65-E24A2B4E6AF4}.Release|Any CPU.ActiveCfg = Release|Any CPU
		{767C91E8-0363-4629-8C65-E24A2B4E6AF4}.Release|Any CPU.Build.0 = Release|Any CPU
	EndGlobalSection
	GlobalSection(SolutionProperties) = preSolution
		HideSolutionNode = FALSE
	EndGlobalSection
	GlobalSection(ExtensibilityGlobals) = postSolution
		SolutionGuid = {43D78D31-C18A-4006-936B-9B0B5282B855}
	EndGlobalSection
EndGlobal
